{
    "name": "ueditor",
    "version": "1.2.3",
    "lockfileVersion": 1,
    "dependencies": {
        "address": {
            "version": "1.0.3",
            "resolved": "https://registry.npmjs.org/address/-/address-1.0.3.tgz",
            "integrity": "sha512-z55ocwKBRLryBs394Sm3ushTtBeg6VAeuku7utSoSnsJKvKcnXFIyC6vh27n3rXyxSgkJBBCAvyOn7gSUcTYjg=="
        },
        "agent-base": {
            "version": "4.2.0",
            "resolved": "https://registry.npmjs.org/agent-base/-/agent-base-4.2.0.tgz",
            "integrity": "sha512-c+R/U5X+2zz2+UCrCFv6odQzJdoqI+YecuhnAJLa1zYaMc13zPfwMwZrr91Pd1DYNo/yPRbiM4WVf9whgwFsIg=="
        },
        "agentkeepalive": {
            "version": "2.2.0",
            "resolved": "https://registry.npmjs.org/agentkeepalive/-/agentkeepalive-2.2.0.tgz",
            "integrity": "sha1-xdG9SxKQCPEWPyNvhuX66iAm4u8="
        },
        "any-promise": {
            "version": "1.3.0",
            "resolved": "https://registry.npmjs.org/any-promise/-/any-promise-1.3.0.tgz",
            "integrity": "sha1-q8av7tzqUugJzcA3au0845Y10X8="
        },
        "ast-types": {
            "version": "0.11.3",
            "resolved": "https://registry.npmjs.org/ast-types/-/ast-types-0.11.3.tgz",
            "integrity": "sha512-XA5o5dsNw8MhyW0Q7MWXJWc4oOzZKbdsEJq45h7c8q/d9DwWZ5F2ugUc1PuMLPGsUnphCt/cNDHu8JeBbxf1qA=="
        },
        "balanced-match": {
            "version": "1.0.0",
            "resolved": "https://registry.npmjs.org/balanced-match/-/balanced-match-1.0.0.tgz",
            "integrity": "sha1-ibTRmasr7kneFk6gK4nORi1xt2c="
        },
        "bluebird": {
            "version": "3.5.1",
            "resolved": "https://registry.npmjs.org/bluebird/-/bluebird-3.5.1.tgz",
            "integrity": "sha512-MKiLiV+I1AA596t9w1sQJ8jkiSr5+ZKi0WKrYGUn6d1Fx+Ij4tIj+m2WMQSGczs5jZVxV339chE8iwk6F64wjA=="
        },
        "brace-expansion": {
            "version": "1.1.11",
            "resolved": "https://registry.npmjs.org/brace-expansion/-/brace-expansion-1.1.11.tgz",
            "integrity": "sha512-iCuPHDFgrHX7H2vEI/5xpz07zSHB00TpugqhmYtVmMO6518mCuRMoOYFldEBl0g187ufozdaHgWKcYFb61qGiA=="
        },
        "buffer-type": {
            "version": "0.0.2",
            "resolved": "https://registry.npmjs.org/buffer-type/-/buffer-type-0.0.2.tgz",
            "integrity": "sha1-igu8vnhgSa+LQ2pja5tQUl/ibKM="
        },
        "busboy": {
            "version": "0.2.14",
            "resolved": "https://registry.npmjs.org/busboy/-/busboy-0.2.14.tgz",
            "integrity": "sha1-bCpiLvz0fFe7vh4qnDetNseSVFM="
        },
        "bytes": {
            "version": "3.0.0",
            "resolved": "https://registry.npmjs.org/bytes/-/bytes-3.0.0.tgz",
            "integrity": "sha1-0ygVQE1olpn4Wk6k+odV3ROpYEg="
        },
        "co": {
            "version": "4.6.0",
            "resolved": "https://registry.npmjs.org/co/-/co-4.6.0.tgz",
            "integrity": "sha1-bqa989hTrlTMuOR7+gvz+QMfsYQ="
        },
        "concat-map": {
            "version": "0.0.1",
            "resolved": "https://registry.npmjs.org/concat-map/-/concat-map-0.0.1.tgz",
            "integrity": "sha1-2Klr13/Wjfd5OnMDajug1UBdR3s="
        },
        "content-type": {
            "version": "1.0.4",
            "resolved": "https://registry.npmjs.org/content-type/-/content-type-1.0.4.tgz",
            "integrity": "sha512-hIP3EEPs8tB9AT1L+NUqtwOAps4mk2Zob89MWXMHjHWg9milF/j4osnnQLXBCBFBk/tvIG/tUc9mOUJiPBhPXA=="
        },
        "copy-to": {
            "version": "2.0.1",
            "resolved": "https://registry.npmjs.org/copy-to/-/copy-to-2.0.1.tgz",
            "integrity": "sha1-JoD7uAaKSNCGVrYJgJK9r8kG9KU="
        },
        "core-util-is": {
            "version": "1.0.2",
            "resolved": "https://registry.npmjs.org/core-util-is/-/core-util-is-1.0.2.tgz",
            "integrity": "sha1-tf1UIgqivFq1eqtxQMlAdUUDwac="
        },
        "data-uri-to-buffer": {
            "version": "1.2.0",
            "resolved": "https://registry.npmjs.org/data-uri-to-buffer/-/data-uri-to-buffer-1.2.0.tgz",
            "integrity": "sha512-vKQ9DTQPN1FLYiiEEOQ6IBGFqvjCa5rSK3cWMy/Nespm5d/x3dGFT9UBZnkLxCwua/IXBi2TYnwTEpsOvhC4UQ=="
        },
        "debug": {
            "version": "2.6.9",
            "resolved": "https://registry.npmjs.org/debug/-/debug-2.6.9.tgz",
            "integrity": "sha512-bC7ElrdJaJnPbAP+1EotYvqZsb3ecl5wi6Bfi6BJTUcNowp6cvspg0jXznRTKDjm/E7AdgFBVeAPVMNcKGsHMA=="
        },
        "deep-is": {
            "version": "0.1.3",
            "resolved": "https://registry.npmjs.org/deep-is/-/deep-is-0.1.3.tgz",
            "integrity": "sha1-s2nW+128E+7PUk+RsHD+7cNXzzQ="
        },
        "default-user-agent": {
            "version": "1.0.0",
            "resolved": "https://registry.npmjs.org/default-user-agent/-/default-user-agent-1.0.0.tgz",
            "integrity": "sha1-FsRu/cq6PtxF8k8r1IaLAbfCrcY="
        },
        "degenerator": {
            "version": "1.0.4",
            "resolved": "https://registry.npmjs.org/degenerator/-/degenerator-1.0.4.tgz",
            "integrity": "sha1-/PSQo37OJmRk2cxDGrmMWBnO0JU="
        },
        "depd": {
            "version": "1.1.1",
            "resolved": "https://registry.npmjs.org/depd/-/depd-1.1.1.tgz",
            "integrity": "sha1-V4O04cRZ8G+lyif5kfPQbnoxA1k="
        },
        "destroy": {
            "version": "1.0.4",
            "resolved": "https://registry.npmjs.org/destroy/-/destroy-1.0.4.tgz",
            "integrity": "sha1-l4hXRCxEdJ5CBmE+N5RiBYJqvYA="
        },
        "dicer": {
            "version": "0.2.5",
            "resolved": "https://registry.npmjs.org/dicer/-/dicer-0.2.5.tgz",
            "integrity": "sha1-WZbAhrszIYyBLAkL3cCc0S+stw8="
        },
        "digest-header": {
            "version": "0.0.1",
            "resolved": "https://registry.npmjs.org/digest-header/-/digest-header-0.0.1.tgz",
            "integrity": "sha1-Ecz23uxXZqw3l0TZAcEsuklRS+Y=",
            "dependencies": {
                "utility": {
                    "version": "0.1.11",
                    "resolved": "https://registry.npmjs.org/utility/-/utility-0.1.11.tgz",
                    "integrity": "sha1-/eYM+bTkdRlHoM9dEEzik2ciZxU="
                }
            }
        },
        "ee-first": {
            "version": "1.1.1",
            "resolved": "https://registry.npmjs.org/ee-first/-/ee-first-1.1.1.tgz",
            "integrity": "sha1-WQxhFWsK4vTwJVcyoViyZrxWsh0="
        },
        "es6-promise": {
            "version": "4.2.4",
            "resolved": "https://registry.npmjs.org/es6-promise/-/es6-promise-4.2.4.tgz",
            "integrity": "sha512-/NdNZVJg+uZgtm9eS3O6lrOLYmQag2DjdEXuPaHlZ6RuVqgqaVZfgYCepEIKsLqwdQArOPtC3XzRLqGGfT8KQQ=="
        },
        "es6-promisify": {
            "version": "5.0.0",
            "resolved": "https://registry.npmjs.org/es6-promisify/-/es6-promisify-5.0.0.tgz",
            "integrity": "sha1-UQnWLz5W6pZ8S2NQWu8IKRyKUgM="
        },
        "escape-html": {
            "version": "1.0.3",
            "resolved": "https://registry.npmjs.org/escape-html/-/escape-html-1.0.3.tgz",
            "integrity": "sha1-Aljq5NPQwJdN4cFpGI7wBR0dGYg="
        },
        "escodegen": {
            "version": "1.9.1",
            "resolved": "https://registry.npmjs.org/escodegen/-/escodegen-1.9.1.tgz",
            "integrity": "sha512-6hTjO1NAWkHnDk3OqQ4YrCuwwmGHL9S3nPlzBOUG/R44rda3wLNrfvQ5fkSGjyhHFKM7ALPKcKGrwvCLe0lC7Q=="
        },
        "esprima": {
            "version": "3.1.3",
            "resolved": "https://registry.npmjs.org/esprima/-/esprima-3.1.3.tgz",
            "integrity": "sha1-/cpRzuYTOJXjyI1TXOSdv/YqRjM="
        },
        "estraverse": {
            "version": "4.2.0",
            "resolved": "https://registry.npmjs.org/estraverse/-/estraverse-4.2.0.tgz",
            "integrity": "sha1-De4/7TH81GlhjOc0IJn8GvoL2xM="
        },
        "esutils": {
            "version": "2.0.2",
            "resolved": "https://registry.npmjs.org/esutils/-/esutils-2.0.2.tgz",
            "integrity": "sha1-Cr9PHKpbyx96nYrMbepPqqBLrJs="
        },
        "extend": {
            "version": "3.0.1",
            "resolved": "https://registry.npmjs.org/extend/-/extend-3.0.1.tgz",
            "integrity": "sha1-p1Xqe8Gt/MWjHOfnYtuq3F5jZEQ="
        },
        "fast-levenshtein": {
            "version": "2.0.6",
            "resolved": "https://registry.npmjs.org/fast-levenshtein/-/fast-levenshtein-2.0.6.tgz",
            "integrity": "sha1-PYpcZog6FqMMqGQ+hR8Zuqd5eRc="
        },
        "fdfs": {
            "version": "1.0.4",
            "resolved": "https://registry.npmjs.org/fdfs/-/fdfs-1.0.4.tgz",
            "integrity": "sha1-x8Rvi29weZUBob438+bZPCOlRpI="
        },
        "file-uri-to-path": {
            "version": "1.0.0",
            "resolved": "https://registry.npmjs.org/file-uri-to-path/-/file-uri-to-path-1.0.0.tgz",
            "integrity": "sha512-0Zt+s3L7Vf1biwWZ29aARiVYLx7iMGnEUl9x33fbB/j3jR81u/O2LbqK+Bm1CDSNDKVtJ/YjwY7TUd5SkeLQLw=="
        },
        "formstream": {
            "version": "1.1.0",
            "resolved": "https://registry.npmjs.org/formstream/-/formstream-1.1.0.tgz",
            "integrity": "sha1-UfOXDyYTbrCtRDBN5M67UCB7RHk="
        },
        "fs-extra": {
            "version": "0.11.1",
            "resolved": "https://registry.npmjs.org/fs-extra/-/fs-extra-0.11.1.tgz",
            "integrity": "sha1-3xBPlMyEHu+Pr+KkRsiPXTW7Lnk="
        },
        "fs.realpath": {
            "version": "1.0.0",
            "resolved": "https://registry.npmjs.org/fs.realpath/-/fs.realpath-1.0.0.tgz",
            "integrity": "sha1-FQStJSMVjKpA20onh8sBQRmU6k8="
        },
        "ftp": {
            "version": "0.3.10",
            "resolved": "https://registry.npmjs.org/ftp/-/ftp-0.3.10.tgz",
            "integrity": "sha1-kZfYYa2BQvPmPVqDv+TFn3MwiF0="
        },
        "get-uri": {
            "version": "2.0.1",
            "resolved": "https://registry.npmjs.org/get-uri/-/get-uri-2.0.1.tgz",
            "integrity": "sha512-7aelVrYqCLuVjq2kEKRTH8fXPTC0xKTkM+G7UlFkEwCXY3sFbSxvY375JoFowOAYbkaU47SrBvOefUlLZZ+6QA==",
            "dependencies": {
                "isarray": {
                    "version": "1.0.0",
                    "resolved": "https://registry.npmjs.org/isarray/-/isarray-1.0.0.tgz",
                    "integrity": "sha1-u5NdSFgsuhaMBoNJV6VKPgcSTxE="
                },
                "readable-stream": {
                    "version": "2.3.6",
                    "resolved": "https://registry.npmjs.org/readable-stream/-/readable-stream-2.3.6.tgz",
                    "integrity": "sha512-tQtKA9WIAhBF3+VLAseyMqZeBjW0AHJoxOtYqSUZNJxauErmLbVm2FW1y+J/YA9dUrAC39ITejlZWhVIwawkKw=="
                },
                "string_decoder": {
                    "version": "1.1.1",
                    "resolved": "https://registry.npmjs.org/string_decoder/-/string_decoder-1.1.1.tgz",
                    "integrity": "sha512-n/ShnvDi6FHbbVfviro+WojiFzv+s8MPMHBczVePfUpDJLwoLT0ht1l4YwBCbi8pJAveEEdnkHyPyTP/mzRfwg=="
                }
            }
        },
        "glob": {
            "version": "7.1.2",
            "resolved": "https://registry.npmjs.org/glob/-/glob-7.1.2.tgz",
            "integrity": "sha512-MJTUg1kjuLeQCJ+ccE4Vpa6kKVXkPYJ2mOCQyUuKLcLQsdrMCpBPUi8qVE6+YuaJkozeA9NusTAw3hLr8Xe5EQ=="
        },
        "graceful-fs": {
            "version": "4.1.11",
            "resolved": "https://registry.npmjs.org/graceful-fs/-/graceful-fs-4.1.11.tgz",
            "integrity": "sha1-Dovf5NHduIVNZOBOp8AOKgJuVlg=",
            "optional": true
        },
        "http-errors": {
            "version": "1.6.2",
            "resolved": "https://registry.npmjs.org/http-errors/-/http-errors-1.6.2.tgz",
            "integrity": "sha1-CgAsyFcHGSp+eUbO7cERVfYOxzY="
        },
        "http-proxy-agent": {
            "version": "2.1.0",
            "resolved": "https://registry.npmjs.org/http-proxy-agent/-/http-proxy-agent-2.1.0.tgz",
            "integrity": "sha512-qwHbBLV7WviBl0rQsOzH6o5lwyOIvwp/BdFnvVxXORldu5TmjFfjzBcWUWS5kWAZhmv+JtiDhSuQCp4sBfbIgg==",
            "dependencies": {
                "debug": {
                    "version": "3.1.0",
                    "resolved": "https://registry.npmjs.org/debug/-/debug-3.1.0.tgz",
                    "integrity": "sha512-OX8XqP7/1a9cqkxYw2yXss15f26NKWBpDXQd0/uK/KPqdQhxbPa994hnzjcE2VqQpDslf55723cKPUOGSmMY3g=="
                }
            }
        },
        "https-proxy-agent": {
            "version": "2.2.1",
            "resolved": "https://registry.npmjs.org/https-proxy-agent/-/https-proxy-agent-2.2.1.tgz",
            "integrity": "sha512-HPCTS1LW51bcyMYbxUIOO4HEOlQ1/1qRaFWcyxvwaqUS9TY88aoEuHUY33kuAh1YhVVaDQhLZsnPd+XNARWZlQ==",
            "dependencies": {
                "debug": {
                    "version": "3.1.0",
                    "resolved": "https://registry.npmjs.org/debug/-/debug-3.1.0.tgz",
                    "integrity": "sha512-OX8XqP7/1a9cqkxYw2yXss15f26NKWBpDXQd0/uK/KPqdQhxbPa994hnzjcE2VqQpDslf55723cKPUOGSmMY3g=="
                }
            }
        },
        "humanize-ms": {
            "version": "1.2.1",
            "resolved": "https://registry.npmjs.org/humanize-ms/-/humanize-ms-1.2.1.tgz",
            "integrity": "sha1-xG4xWaKT9riW2ikxbYtv6Lt5u+0="
        },
        "iconv-lite": {
            "version": "0.4.21",
            "resolved": "https://registry.npmjs.org/iconv-lite/-/iconv-lite-0.4.21.tgz",
            "integrity": "sha512-En5V9za5mBt2oUA03WGD3TwDv0MKAruqsuxstbMUZaj9W9k/m1CV/9py3l0L5kw9Bln8fdHQmzHSYtvpvTLpKw=="
        },
        "inflight": {
            "version": "1.0.6",
            "resolved": "https://registry.npmjs.org/inflight/-/inflight-1.0.6.tgz",
            "integrity": "sha1-Sb1jMdfQLQwJvJEKEHW6gWW1bfk="
        },
        "inherits": {
            "version": "2.0.3",
            "resolved": "https://registry.npmjs.org/inherits/-/inherits-2.0.3.tgz",
            "integrity": "sha1-Yzwsg+PaQqUC9SRmAiSA9CCCYd4="
        },
        "ip": {
            "version": "1.1.5",
            "resolved": "https://registry.npmjs.org/ip/-/ip-1.1.5.tgz",
            "integrity": "sha1-vd7XARQpCCjAoDnnLvJfWq7ENUo="
        },
        "is-class": {
            "version": "0.0.4",
            "resolved": "https://registry.npmjs.org/is-class/-/is-class-0.0.4.tgz",
            "integrity": "sha1-4FdFFwW7NOOePjNZjJOpg3KWtzY="
        },
        "is-type-of": {
            "version": "1.2.0",
            "resolved": "https://registry.npmjs.org/is-type-of/-/is-type-of-1.2.0.tgz",
            "integrity": "sha512-10ezBXuEDp3Fp/jPCaVd4hSrAEj2lPyr1LT7+cWi9HCLd15wbh9X8dJfTDB+ZgkZSCGTG2TF6f61ugI5mSlhDA=="
        },
        "isarray": {
            "version": "0.0.1",
            "resolved": "https://registry.npmjs.org/isarray/-/isarray-0.0.1.tgz",
            "integrity": "sha1-ihis/Kmo9Bd+Cav8YDiTmwXR7t8="
        },
        "isstream": {
            "version": "0.1.2",
            "resolved": "https://registry.npmjs.org/isstream/-/isstream-0.1.2.tgz",
            "integrity": "sha1-R+Y/evVa+m+S4VAOaQ64uFKcCZo="
        },
        "jsonfile": {
            "version": "2.4.0",
            "resolved": "https://registry.npmjs.org/jsonfile/-/jsonfile-2.4.0.tgz",
            "integrity": "sha1-NzaitCi4e72gzIO1P6PWM6NcKug="
        },
        "levn": {
            "version": "0.3.0",
            "resolved": "https://registry.npmjs.org/levn/-/levn-0.3.0.tgz",
            "integrity": "sha1-OwmSTt+fCDwEkP3UwLxEIeBHZO4="
        },
        "lodash": {
            "version": "4.17.10",
            "resolved": "https://registry.npmjs.org/lodash/-/lodash-4.17.10.tgz",
            "integrity": "sha512-UejweD1pDoXu+AD825lWwp4ZGtSwgnpZxb3JDViD7StjQz+Nb/6l093lx4OQ0foGWNRoc19mWy7BzL+UAK2iVg=="
        },
        "lru-cache": {
            "version": "4.1.2",
            "resolved": "https://registry.npmjs.org/lru-cache/-/lru-cache-4.1.2.tgz",
            "integrity": "sha512-wgeVXhrDwAWnIF/yZARsFnMBtdFXOg1b8RIrhilp+0iDYN4mdQcNZElDZ0e4B64BhaxeQ5zN7PMyvu7we1kPeQ=="
        },
        "mime": {
            "version": "1.6.0",
            "resolved": "https://registry.npmjs.org/mime/-/mime-1.6.0.tgz",
            "integrity": "sha512-x0Vn8spI+wuJ1O6S7gnbaQg8Pxh4NNHb7KSINmEWKiPE4RKOplvijn+NkmYmmRgP68mc70j2EbeTFRsrswaQeg=="
        },
        "minimatch": {
            "version": "3.0.4",
            "resolved": "https://registry.npmjs.org/minimatch/-/minimatch-3.0.4.tgz",
            "integrity": "sha512-yJHVQEhyqPLUTgt9B83PXu6W3rx4MvvHvSUvToogpwoGDOUQ+yDrR0HRot+yOCdCO7u4hX3pWft6kWBBcqh0UA=="
        },
        "minimist": {
            "version": "0.0.8",
            "resolved": "https://registry.npmjs.org/minimist/-/minimist-0.0.8.tgz",
            "integrity": "sha1-hX/Kv8M5fSYluCKCYuhqp6ARsF0="
        },
        "mkdirp": {
            "version": "0.5.1",
            "resolved": "https://registry.npmjs.org/mkdirp/-/mkdirp-0.5.1.tgz",
            "integrity": "sha1-MAV0OOrGz3+MR2fzhkjWaX11yQM="
        },
        "ms": {
            "version": "2.0.0",
            "resolved": "https://registry.npmjs.org/ms/-/ms-2.0.0.tgz",
            "integrity": "sha1-VgiurfwAvmwpAd9fmGF4jeDVl8g="
        },
        "mz": {
            "version": "2.7.0",
            "resolved": "https://registry.npmjs.org/mz/-/mz-2.7.0.tgz",
            "integrity": "sha512-z81GNO7nnYMEhrGh9LeymoE4+Yr0Wn5McHIZMK5cfQCl+NDX08sCZgUc9/6MHni9IWuFLm1Z3HTCXu2z9fN62Q=="
        },
        "ncp": {
            "version": "0.6.0",
            "resolved": "https://registry.npmjs.org/ncp/-/ncp-0.6.0.tgz",
            "integrity": "sha1-34zgIeJiviG1L+s9Plz6qxJJHw0="
        },
        "netmask": {
            "version": "1.0.6",
            "resolved": "https://registry.npmjs.org/netmask/-/netmask-1.0.6.tgz",
            "integrity": "sha1-ICl+idhvb2QA8lDZ9Pa0wZRfzTU="
        },
        "node-snowflake": {
            "version": "0.0.1",
            "resolved": "https://registry.npmjs.org/node-snowflake/-/node-snowflake-0.0.1.tgz",
            "integrity": "sha1-C+XqvVsRMfY55j6JxfgtqoFLOrk="
        },
        "object-assign": {
            "version": "4.1.1",
            "resolved": "https://registry.npmjs.org/object-assign/-/object-assign-4.1.1.tgz",
            "integrity": "sha1-IQmtx5ZYh8/AXLvUQsrIv7s2CGM="
        },
        "once": {
            "version": "1.4.0",
            "resolved": "https://registry.npmjs.org/once/-/once-1.4.0.tgz",
            "integrity": "sha1-WDsap3WWHUsROsF9nFC6753Xa9E="
        },
        "optionator": {
            "version": "0.8.2",
            "resolved": "https://registry.npmjs.org/optionator/-/optionator-0.8.2.tgz",
            "integrity": "sha1-NkxeQJ0/TWMB1sC0wFu6UBgK62Q="
        },
        "os-name": {
            "version": "1.0.3",
            "resolved": "https://registry.npmjs.org/os-name/-/os-name-1.0.3.tgz",
            "integrity": "sha1-GzefZINa98Wn9JizV8uVIVwVnt8="
        },
        "osx-release": {
            "version": "1.1.0",
            "resolved": "https://registry.npmjs.org/osx-release/-/osx-release-1.1.0.tgz",
            "integrity": "sha1-8heRGigTaUmvG/kwiyQeJzfTzWw=",
            "dependencies": {
                "minimist": {
                    "version": "1.2.0",
                    "resolved": "https://registry.npmjs.org/minimist/-/minimist-1.2.0.tgz",
                    "integrity": "sha1-o1AIsg9BOD7sH7kU9M1d95omQoQ="
                }
            }
        },
        "pac-proxy-agent": {
            "version": "2.0.2",
            "resolved": "https://registry.npmjs.org/pac-proxy-agent/-/pac-proxy-agent-2.0.2.tgz",
            "integrity": "sha512-cDNAN1Ehjbf5EHkNY5qnRhGPUCp6SnpyVof5fRzN800QV1Y2OkzbH9rmjZkbBRa8igof903yOnjIl6z0SlAhxA==",
            "dependencies": {
                "debug": {
                    "version": "3.1.0",
                    "resolved": "https://registry.npmjs.org/debug/-/debug-3.1.0.tgz",
                    "integrity": "sha512-OX8XqP7/1a9cqkxYw2yXss15f26NKWBpDXQd0/uK/KPqdQhxbPa994hnzjcE2VqQpDslf55723cKPUOGSmMY3g=="
                }
            }
        },
        "pac-resolver": {
            "version": "3.0.0",
            "resolved": "https://registry.npmjs.org/pac-resolver/-/pac-resolver-3.0.0.tgz",
            "integrity": "sha512-tcc38bsjuE3XZ5+4vP96OfhOugrX+JcnpUbhfuc4LuXBLQhoTthOstZeoQJBDnQUDYzYmdImKsbz0xSl1/9qeA=="
        },
        "path-is-absolute": {
            "version": "1.0.1",
            "resolved": "https://registry.npmjs.org/path-is-absolute/-/path-is-absolute-1.0.1.tgz",
            "integrity": "sha1-F0uSaHNVNP+8es5r9TpanhtcX18="
        },
        "pause-stream": {
            "version": "0.0.11",
            "resolved": "https://registry.npmjs.org/pause-stream/-/pause-stream-0.0.11.tgz",
            "integrity": "sha1-/lo0sMvOErWqaitAPuLnO2AvFEU="
        },
        "prelude-ls": {
            "version": "1.1.2",
            "resolved": "https://registry.npmjs.org/prelude-ls/-/prelude-ls-1.1.2.tgz",
            "integrity": "sha1-IZMqVJ9eUv/ZqCf1cOBL5iqX2lQ="
        },
        "process-nextick-args": {
            "version": "2.0.0",
            "resolved": "https://registry.npmjs.org/process-nextick-args/-/process-nextick-args-2.0.0.tgz",
            "integrity": "sha512-MtEC1TqN0EU5nephaJ4rAtThHtC86dNN9qCuEhtshvpVBkAW5ZO7BASN9REnF9eoXGcRub+pFuKEpOHE+HbEMw=="
        },
        "proxy-agent": {
            "version": "2.3.1",
            "resolved": "https://registry.npmjs.org/proxy-agent/-/proxy-agent-2.3.1.tgz",
            "integrity": "sha512-CNKuhC1jVtm8KJYFTS2ZRO71VCBx3QSA92So/e6NrY6GoJonkx3Irnk4047EsCcswczwqAekRj3s8qLRGahSKg==",
            "dependencies": {
                "debug": {
                    "version": "3.1.0",
                    "resolved": "https://registry.npmjs.org/debug/-/debug-3.1.0.tgz",
                    "integrity": "sha512-OX8XqP7/1a9cqkxYw2yXss15f26NKWBpDXQd0/uK/KPqdQhxbPa994hnzjcE2VqQpDslf55723cKPUOGSmMY3g=="
                }
            }
        },
        "proxy-from-env": {
            "version": "1.0.0",
            "resolved": "https://registry.npmjs.org/proxy-from-env/-/proxy-from-env-1.0.0.tgz",
            "integrity": "sha1-M8UDmPcOp+uW0h97gXYwpVeRx+4="
        },
        "pseudomap": {
            "version": "1.0.2",
            "resolved": "https://registry.npmjs.org/pseudomap/-/pseudomap-1.0.2.tgz",
            "integrity": "sha1-8FKijacOYYkX7wqKw0wa5aaChrM="
        },
        "qn": {
            "version": "1.3.0",
            "resolved": "https://registry.npmjs.org/qn/-/qn-1.3.0.tgz",
            "integrity": "sha1-X8RTxEvnGKr6rHqMHRV4+waY4Qk="
        },
        "qs": {
            "version": "6.5.1",
            "resolved": "https://registry.npmjs.org/qs/-/qs-6.5.1.tgz",
            "integrity": "sha512-eRzhrN1WSINYCDCbrz796z37LOe3m5tmW7RQf6oBntukAG1nmovJvhnwHHRMAfeoItc1m2Hk02WER2aQ/iqs+A=="
        },
        "raw-body": {
            "version": "2.3.2",
            "resolved": "https://registry.npmjs.org/raw-body/-/raw-body-2.3.2.tgz",
            "integrity": "sha1-vNYMd9Prk83gBQKVw/N5OJvIj4k=",
            "dependencies": {
                "iconv-lite": {
                    "version": "0.4.19",
                    "resolved": "https://registry.npmjs.org/iconv-lite/-/iconv-lite-0.4.19.tgz",
                    "integrity": "sha512-oTZqweIP51xaGPI4uPa56/Pri/480R+mo7SeU+YETByQNhDG55ycFyNLIgta9vXhILrxXDmF7ZGhqZIcuN0gJQ=="
                }
            }
        },
        "readable-stream": {
            "version": "1.1.14",
            "resolved": "https://registry.npmjs.org/readable-stream/-/readable-stream-1.1.14.tgz",
            "integrity": "sha1-fPTFTvZI44EwhMY23SB54WbAgdk="
        },
        "rimraf": {
            "version": "2.6.2",
            "resolved": "https://registry.npmjs.org/rimraf/-/rimraf-2.6.2.tgz",
            "integrity": "sha512-lreewLK/BlghmxtfH36YYVg1i8IAce4TI7oao75I1g245+6BctqTVQiBP3YUJ9C6DQOXJmkYR9X9fCLtCOJc5w=="
        },
        "safe-buffer": {
            "version": "5.1.2",
            "resolved": "https://registry.npmjs.org/safe-buffer/-/safe-buffer-5.1.2.tgz",
            "integrity": "sha512-Gd2UZBJDkXlY7GbJxfsE8/nvKkUEU1G38c1siN6QP6a9PT9MmHB8GnpscSmMJSoF8LOIrt8ud/wPtojys4G6+g=="
        },
        "safer-buffer": {
            "version": "2.1.2",
            "resolved": "https://registry.npmjs.org/safer-buffer/-/safer-buffer-2.1.2.tgz",
            "integrity": "sha512-YZo3K82SD7Riyi0E1EQPojLz7kpepnSQI9IyPbHHg1XXXevb5dJI7tpyN2ADxGcQbHG7vcyRHk0cbwqcQriUtg=="
        },
        "semver": {
            "version": "5.5.0",
            "resolved": "https://registry.npmjs.org/semver/-/semver-5.5.0.tgz",
            "integrity": "sha512-4SJ3dm0WAwWy/NVeioZh5AntkdJoWKxHxcmyP622fOkgHa4z3R0TdBJICINyaSDE6uNwVc8gZr+ZinwZAH4xIA=="
        },
        "setprototypeof": {
            "version": "1.0.3",
            "resolved": "https://registry.npmjs.org/setprototypeof/-/setprototypeof-1.0.3.tgz",
            "integrity": "sha1-ZlZ+NwQ+608E2RvWWMDL77VbjgQ="
        },
        "smart-buffer": {
            "version": "1.1.15",
            "resolved": "https://registry.npmjs.org/smart-buffer/-/smart-buffer-1.1.15.tgz",
            "integrity": "sha1-fxFLW2X6s+KjWqd1uxLw0cZJvxY="
        },
        "socks": {
            "version": "1.1.10",
            "resolved": "https://registry.npmjs.org/socks/-/socks-1.1.10.tgz",
            "integrity": "sha1-W4t/x8jzQcU+0FbpKbe/Tei6e1o="
        },
        "socks-proxy-agent": {
            "version": "3.0.1",
            "resolved": "https://registry.npmjs.org/socks-proxy-agent/-/socks-proxy-agent-3.0.1.tgz",
            "integrity": "sha512-ZwEDymm204mTzvdqyUqOdovVr2YRd2NYskrYrF2LXyZ9qDiMAoFESGK8CRphiO7rtbo2Y757k2Nia3x2hGtalA=="
        },
        "source-map": {
            "version": "0.6.1",
            "resolved": "https://registry.npmjs.org/source-map/-/source-map-0.6.1.tgz",
            "integrity": "sha512-UjgapumWlbMhkBgzT7Ykc5YXUT46F0iKu8SGXq0bcwP5dz/h0Plj6enJqjz1Zbq2l5WaqYnrVbwWOWMyF3F47g==",
            "optional": true
        },
        "statuses": {
            "version": "1.5.0",
            "resolved": "https://registry.npmjs.org/statuses/-/statuses-1.5.0.tgz",
            "integrity": "sha1-Fhx9rBd2Wf2YEfQ3cfqZOBR4Yow="
        },
        "streamsearch": {
            "version": "0.1.2",
            "resolved": "https://registry.npmjs.org/streamsearch/-/streamsearch-0.1.2.tgz",
            "integrity": "sha1-gIudDlb8Jz2Am6VzOOkpkZoanxo="
        },
        "string_decoder": {
            "version": "0.10.31",
            "resolved": "https://registry.npmjs.org/string_decoder/-/string_decoder-0.10.31.tgz",
            "integrity": "sha1-YuIDvEF2bGwoyfyEMB2rHFMQ+pQ="
        },
        "thenify": {
            "version": "3.3.0",
            "resolved": "https://registry.npmjs.org/thenify/-/thenify-3.3.0.tgz",
            "integrity": "sha1-5p44obq+lpsBCCB5eLn2K4hgSDk="
        },
        "thenify-all": {
            "version": "1.6.0",
            "resolved": "https://registry.npmjs.org/thenify-all/-/thenify-all-1.6.0.tgz",
            "integrity": "sha1-GhkY1ALY/D+Y+/I02wvMjMEOlyY="
        },
        "through": {
            "version": "2.3.8",
            "resolved": "https://registry.npmjs.org/through/-/through-2.3.8.tgz",
            "integrity": "sha1-DdTJ/6q8NXlgsbckEV1+Doai4fU="
        },
        "thunkify": {
            "version": "2.1.2",
            "resolved": "https://registry.npmjs.org/thunkify/-/thunkify-2.1.2.tgz",
            "integrity": "sha1-+qDp0jDFGsyVyhOjYawFyn4EVT0="
        },
        "type-check": {
            "version": "0.3.2",
            "resolved": "https://registry.npmjs.org/type-check/-/type-check-0.3.2.tgz",
            "integrity": "sha1-WITKtRLPHTVeP7eE8wgEsrUg23I="
        },
        "unpipe": {
            "version": "1.0.0",
            "resolved": "https://registry.npmjs.org/unpipe/-/unpipe-1.0.0.tgz",
            "integrity": "sha1-sr9O6FFKrmFltIF4KdIbLvSZBOw="
        },
        "urllib": {
            "version": "2.27.0",
            "resolved": "https://registry.npmjs.org/urllib/-/urllib-2.27.0.tgz",
            "integrity": "sha512-LZo+5KGq12KHlSxvsYa9eojnWR+2FVXgxm933vDkaiJJJUmCZ16jIZQLZFq/hTRDEpAGvQE9IaH7eyTv96NVsQ=="
        },
        "util-deprecate": {
            "version": "1.0.2",
            "resolved": "https://registry.npmjs.org/util-deprecate/-/util-deprecate-1.0.2.tgz",
            "integrity": "sha1-RQ1Nyfpw3nMnYvvS1KKJgUGaDM8="
        },
        "utility": {
            "version": "1.13.1",
            "resolved": "https://registry.npmjs.org/utility/-/utility-1.13.1.tgz",
            "integrity": "sha512-OQYqjyhHSCeSm+IziPHNbLc+WR3jUNa3goeyLoiITV1saN/BesDDsUIvh1LTRXa3XO2UpobByW//mm5p62/9tQ=="
        },
        "win-release": {
            "version": "1.1.1",
            "resolved": "https://registry.npmjs.org/win-release/-/win-release-1.1.1.tgz",
            "integrity": "sha1-X6VeAr58qTTt/BJmVjLoSbcuUgk="
        },
        "wordwrap": {
            "version": "1.0.0",
            "resolved": "https://registry.npmjs.org/wordwrap/-/wordwrap-1.0.0.tgz",
            "integrity": "sha1-J1hIEIkUVqQXHI0CJkQa3pDLyus="
        },
        "wrappy": {
            "version": "1.0.2",
            "resolved": "https://registry.npmjs.org/wrappy/-/wrappy-1.0.2.tgz",
            "integrity": "sha1-tSQ9jz7BqjXxNkYFvA0QNuMKtp8="
        },
        "xregexp": {
            "version": "2.0.0",
            "resolved": "https://registry.npmjs.org/xregexp/-/xregexp-2.0.0.tgz",
            "integrity": "sha1-UqY+VsoLhKfzpfPWGHLxJq16WUM="
        },
        "yallist": {
            "version": "2.1.2",
            "resolved": "https://registry.npmjs.org/yallist/-/yallist-2.1.2.tgz",
            "integrity": "sha1-HBH5IY8HYImkfdUS+TxmmaaoHVI="
        }
    }
}
